{
  "version": 4,
  "terraform_version": "0.13.4",
  "serial": 2,
  "lineage": "32d25b7a-71eb-9954-18dd-40844008017f",
  "outputs": {},
  "resources": [
    {
      "mode": "managed",
      "type": "datadog_dashboard",
      "name": "beacon",
      "provider": "provider[\"registry.terraform.io/datadog/datadog\"]",
      "instances": []
    },
    {
      "mode": "managed",
      "type": "datadog_monitor",
      "name": "beacon",
      "provider": "provider[\"registry.terraform.io/datadog/datadog\"]",
      "instances": [
        {
          "schema_version": 0,
          "attributes": {
            "enable_logs_sample": null,
            "escalation_message": "Please investigate the Kubernetes Pods, @operator",
            "evaluation_delay": 0,
            "force_delete": null,
            "id": "24100242",
            "include_tags": true,
            "locked": false,
            "message": "Kubernetes Pods are not in an optimal health state. Notify: @operator",
            "name": "Kubernetes Pod Health",
            "new_host_delay": 300,
            "no_data_timeframe": 10,
            "notify_audit": false,
            "notify_no_data": true,
            "query": "max(last_1m):sum:docker.containers.running{short_image:beacon} \u003c= 1",
            "renotify_interval": 0,
            "require_full_window": true,
            "silenced": null,
            "tags": [
              "app:beacon",
              "env:demo"
            ],
            "threshold_windows": null,
            "thresholds": {
              "critical": "1",
              "ok": "3",
              "warning": "2"
            },
            "timeout_h": 0,
            "type": "metric alert",
            "validate": null
          },
          "private": "bnVsbA=="
        }
      ]
    },
    {
      "mode": "managed",
      "type": "datadog_service_level_objective",
      "name": "beacon",
      "provider": "provider[\"registry.terraform.io/datadog/datadog\"]",
      "instances": []
    },
    {
      "mode": "managed",
      "type": "helm_release",
      "name": "datadog_agent",
      "provider": "provider[\"registry.terraform.io/hashicorp/helm\"]",
      "instances": []
    },
    {
      "mode": "managed",
      "type": "kubernetes_deployment",
      "name": "beacon",
      "provider": "provider[\"registry.terraform.io/hashicorp/kubernetes\"]",
      "instances": []
    },
    {
      "mode": "managed",
      "type": "kubernetes_service",
      "name": "beacon",
      "provider": "provider[\"registry.terraform.io/hashicorp/kubernetes\"]",
      "instances": []
    }
  ]
}
